
Microsoft Visual Studio Solution File, Format Version 12.00
# Visual Studio Version 17
VisualStudioVersion = 17.9.34622.214
MinimumVisualStudioVersion = 10.0.40219.1
Project("{FAE04EC0-301F-11D3-BF4B-00C04F79EFBC}") = "Home2", "Home2.csproj", "{138750AB-3212-4153-A54E-BC9C147C8D62}"
EndProject
Global
	GlobalSection(SolutionConfigurationPlatforms) = preSolution
		Debug|Any CPU = Debug|Any CPU
		Release|Any CPU = Release|Any CPU
	EndGlobalSection
	GlobalSection(ProjectConfigurationPlatforms) = postSolution
		{138750AB-3212-4153-A54E-BC9C147C8D62}.Debug|Any CPU.ActiveCfg = Debug|Any CPU
		{138750AB-3212-4153-A54E-BC9C147C8D62}.Debug|Any CPU.Build.0 = Debug|Any CPU
		{138750AB-3212-4153-A54E-BC9C147C8D62}.Release|Any CPU.ActiveCfg = Release|Any CPU
		{138750AB-3212-4153-A54E-BC9C147C8D62}.Release|Any CPU.Build.0 = Release|Any CPU
	EndGlobalSection
	GlobalSection(SolutionProperties) = preSolution
		HideSolutionNode = FALSE
	EndGlobalSection
	GlobalSection(ExtensibilityGlobals) = postSolution
		SolutionGuid = {A7213BE6-8A92-4930-A5BF-C96C638309D6}
	EndGlobalSection
EndGlobal
